
Microsoft Visual Studio Solution File, Format Version 12.00
# Visual Studio Version 17
VisualStudioVersion = 17.3.32819.101
MinimumVisualStudioVersion = 10.0.40219.1
Project("{FAE04EC0-301F-11D3-BF4B-00C04F79EFBC}") = "Uppgift 6.2", "Uppgift 6.2\Uppgift 6.2.csproj", "{E0AF6DD1-00BE-4FF2-9574-D98049D7A777}"
EndProject
Global
	GlobalSection(SolutionConfigurationPlatforms) = preSolution
		Debug|Any CPU = Debug|Any CPU
		Release|Any CPU = Release|Any CPU
	EndGlobalSection
	GlobalSection(ProjectConfigurationPlatforms) = postSolution
		{E0AF6DD1-00BE-4FF2-9574-D98049D7A777}.Debug|Any CPU.ActiveCfg = Debug|Any CPU
		{E0AF6DD1-00BE-4FF2-9574-D98049D7A777}.Debug|Any CPU.Build.0 = Debug|Any CPU
		{E0AF6DD1-00BE-4FF2-9574-D98049D7A777}.Release|Any CPU.ActiveCfg = Release|Any CPU
		{E0AF6DD1-00BE-4FF2-9574-D98049D7A777}.Release|Any CPU.Build.0 = Release|Any CPU
	EndGlobalSection
	GlobalSection(SolutionProperties) = preSolution
		HideSolutionNode = FALSE
	EndGlobalSection
	GlobalSection(ExtensibilityGlobals) = postSolution
		SolutionGuid = {9E5FB5FE-8856-4ECD-9256-5B2CE97D77A4}
	EndGlobalSection
EndGlobal
